
Microsoft Visual Studio Solution File, Format Version 12.00
# Visual Studio Version 17
VisualStudioVersion = 17.0.31919.166
MinimumVisualStudioVersion = 10.0.40219.1
Project("{FAE04EC0-301F-11D3-BF4B-00C04F79EFBC}") = "CA231002", "CA231002.csproj", "{20AE45DC-CA04-4755-8CB4-AB8F14840014}"
EndProject
Global
	GlobalSection(SolutionConfigurationPlatforms) = preSolution
		Debug|Any CPU = Debug|Any CPU
		Release|Any CPU = Release|Any CPU
	EndGlobalSection
	GlobalSection(ProjectConfigurationPlatforms) = postSolution
		{20AE45DC-CA04-4755-8CB4-AB8F14840014}.Debug|Any CPU.ActiveCfg = Debug|Any CPU
		{20AE45DC-CA04-4755-8CB4-AB8F14840014}.Debug|Any CPU.Build.0 = Debug|Any CPU
		{20AE45DC-CA04-4755-8CB4-AB8F14840014}.Release|Any CPU.ActiveCfg = Release|Any CPU
		{20AE45DC-CA04-4755-8CB4-AB8F14840014}.Release|Any CPU.Build.0 = Release|Any CPU
	EndGlobalSection
	GlobalSection(SolutionProperties) = preSolution
		HideSolutionNode = FALSE
	EndGlobalSection
	GlobalSection(ExtensibilityGlobals) = postSolution
		SolutionGuid = {52543CDE-A912-4F25-8C64-B385B158C135}
	EndGlobalSection
EndGlobal
